
Microsoft Visual Studio Solution File, Format Version 12.00
# Visual Studio Version 17
VisualStudioVersion = 17.14.36203.30
MinimumVisualStudioVersion = 10.0.40219.1
Project("{FAE04EC0-301F-11D3-BF4B-00C04F79EFBC}") = "E-Scooter", "E-Scooter\E-Scooter.csproj", "{2195C9C4-37A6-4C87-B4CC-C2269D45FCEF}"
EndProject
Global
	GlobalSection(SolutionConfigurationPlatforms) = preSolution
		Debug|Any CPU = Debug|Any CPU
		Release|Any CPU = Release|Any CPU
	EndGlobalSection
	GlobalSection(ProjectConfigurationPlatforms) = postSolution
		{2195C9C4-37A6-4C87-B4CC-C2269D45FCEF}.Debug|Any CPU.ActiveCfg = Debug|Any CPU
		{2195C9C4-37A6-4C87-B4CC-C2269D45FCEF}.Debug|Any CPU.Build.0 = Debug|Any CPU
		{2195C9C4-37A6-4C87-B4CC-C2269D45FCEF}.Release|Any CPU.ActiveCfg = Release|Any CPU
		{2195C9C4-37A6-4C87-B4CC-C2269D45FCEF}.Release|Any CPU.Build.0 = Release|Any CPU
	EndGlobalSection
	GlobalSection(SolutionProperties) = preSolution
		HideSolutionNode = FALSE
	EndGlobalSection
	GlobalSection(ExtensibilityGlobals) = postSolution
		SolutionGuid = {3959A6CB-18D2-4121-A84B-D385DAA531F2}
	EndGlobalSection
EndGlobal
